
Microsoft Visual Studio Solution File, Format Version 12.00
# Visual Studio Version 16
VisualStudioVersion = 16.0.30204.135
MinimumVisualStudioVersion = 10.0.40219.1
Project("{FAE04EC0-301F-11D3-BF4B-00C04F79EFBC}") = "Circustrein algoritme", "Circustrein algoritme.csproj", "{7AF7FB5E-4E30-4110-AC67-858F1DFAE020}"
EndProject
Project("{9A19103F-16F7-4668-BE54-9A1E7A4F7556}") = "Circustrein Tests", "Circustrein Tests\Circustrein Tests.csproj", "{C366ACF0-3B63-4EA6-B389-C8946FB2F52C}"
EndProject
Global
	GlobalSection(SolutionConfigurationPlatforms) = preSolution
		Debug|Any CPU = Debug|Any CPU
		Release|Any CPU = Release|Any CPU
	EndGlobalSection
	GlobalSection(ProjectConfigurationPlatforms) = postSolution
		{7AF7FB5E-4E30-4110-AC67-858F1DFAE020}.Debug|Any CPU.ActiveCfg = Debug|Any CPU
		{7AF7FB5E-4E30-4110-AC67-858F1DFAE020}.Debug|Any CPU.Build.0 = Debug|Any CPU
		{7AF7FB5E-4E30-4110-AC67-858F1DFAE020}.Release|Any CPU.ActiveCfg = Release|Any CPU
		{7AF7FB5E-4E30-4110-AC67-858F1DFAE020}.Release|Any CPU.Build.0 = Release|Any CPU
		{C366ACF0-3B63-4EA6-B389-C8946FB2F52C}.Debug|Any CPU.ActiveCfg = Debug|Any CPU
		{C366ACF0-3B63-4EA6-B389-C8946FB2F52C}.Debug|Any CPU.Build.0 = Debug|Any CPU
		{C366ACF0-3B63-4EA6-B389-C8946FB2F52C}.Release|Any CPU.ActiveCfg = Release|Any CPU
		{C366ACF0-3B63-4EA6-B389-C8946FB2F52C}.Release|Any CPU.Build.0 = Release|Any CPU
	EndGlobalSection
	GlobalSection(SolutionProperties) = preSolution
		HideSolutionNode = FALSE
	EndGlobalSection
	GlobalSection(ExtensibilityGlobals) = postSolution
		SolutionGuid = {671CEEFD-0F7C-4BE1-8207-745D7ADE281C}
	EndGlobalSection
EndGlobal
